
Microsoft Visual Studio Solution File, Format Version 12.00
# Visual Studio Version 16
VisualStudioVersion = 16.0.31321.278
MinimumVisualStudioVersion = 10.0.40219.1
Project("{FAE04EC0-301F-11D3-BF4B-00C04F79EFBC}") = "ModalExample.Server", "ModalExample\Server\ModalExample.Server.csproj", "{DE3A87C2-58EC-4C8E-88E8-17B22C1D3920}"
EndProject
Project("{FAE04EC0-301F-11D3-BF4B-00C04F79EFBC}") = "ModalExample.Client", "ModalExample\Client\ModalExample.Client.csproj", "{61678A05-9263-402A-A1CD-26BA0E6C51C1}"
EndProject
Project("{FAE04EC0-301F-11D3-BF4B-00C04F79EFBC}") = "ModalExample.Shared", "ModalExample\Shared\ModalExample.Shared.csproj", "{07939405-3C51-4A4D-AB1F-FBA5178DE5CB}"
EndProject
Global
	GlobalSection(SolutionConfigurationPlatforms) = preSolution
		Debug|Any CPU = Debug|Any CPU
		Release|Any CPU = Release|Any CPU
	EndGlobalSection
	GlobalSection(ProjectConfigurationPlatforms) = postSolution
		{DE3A87C2-58EC-4C8E-88E8-17B22C1D3920}.Debug|Any CPU.ActiveCfg = Debug|Any CPU
		{DE3A87C2-58EC-4C8E-88E8-17B22C1D3920}.Debug|Any CPU.Build.0 = Debug|Any CPU
		{DE3A87C2-58EC-4C8E-88E8-17B22C1D3920}.Release|Any CPU.ActiveCfg = Release|Any CPU
		{DE3A87C2-58EC-4C8E-88E8-17B22C1D3920}.Release|Any CPU.Build.0 = Release|Any CPU
		{61678A05-9263-402A-A1CD-26BA0E6C51C1}.Debug|Any CPU.ActiveCfg = Debug|Any CPU
		{61678A05-9263-402A-A1CD-26BA0E6C51C1}.Debug|Any CPU.Build.0 = Debug|Any CPU
		{61678A05-9263-402A-A1CD-26BA0E6C51C1}.Release|Any CPU.ActiveCfg = Release|Any CPU
		{61678A05-9263-402A-A1CD-26BA0E6C51C1}.Release|Any CPU.Build.0 = Release|Any CPU
		{07939405-3C51-4A4D-AB1F-FBA5178DE5CB}.Debug|Any CPU.ActiveCfg = Debug|Any CPU
		{07939405-3C51-4A4D-AB1F-FBA5178DE5CB}.Debug|Any CPU.Build.0 = Debug|Any CPU
		{07939405-3C51-4A4D-AB1F-FBA5178DE5CB}.Release|Any CPU.ActiveCfg = Release|Any CPU
		{07939405-3C51-4A4D-AB1F-FBA5178DE5CB}.Release|Any CPU.Build.0 = Release|Any CPU
	EndGlobalSection
	GlobalSection(SolutionProperties) = preSolution
		HideSolutionNode = FALSE
	EndGlobalSection
	GlobalSection(ExtensibilityGlobals) = postSolution
		SolutionGuid = {F4E5E8DF-F9C5-4B97-A186-1B524C1855BC}
	EndGlobalSection
EndGlobal
